// !$*UTF8*$!
{
	archiveVersion = 1;
	classes = {
	};
	objectVersion = 48;
	objects = {

/* Begin PBXBuildFile section */
		5A844763203CB09500A869ED /* AppDelegate.swift in Sources */ = {isa = PBXBuildFile; fileRef = 5A844762203CB09500A869ED /* AppDelegate.swift */; };
		5A844765203CB09500A869ED /* SearchViewController.swift in Sources */ = {isa = PBXBuildFile; fileRef = 5A844764203CB09500A869ED /* SearchViewController.swift */; };
		5A84476A203CB09500A869ED /* Assets.xcassets in Resources */ = {isa = PBXBuildFile; fileRef = 5A844769203CB09500A869ED /* Assets.xcassets */; };
		5A84476D203CB09500A869ED /* LaunchScreen.storyboard in Resources */ = {isa = PBXBuildFile; fileRef = 5A84476B203CB09500A869ED /* LaunchScreen.storyboard */; };
		5A844778203CB09500A869ED /* github_search_appTests.swift in Sources */ = {isa = PBXBuildFile; fileRef = 5A844777203CB09500A869ED /* github_search_appTests.swift */; };
		5AC8FB6F203CB82F0098C3AB /* SearchContentView.swift in Sources */ = {isa = PBXBuildFile; fileRef = 5AC8FB6E203CB82F0098C3AB /* SearchContentView.swift */; };
		5AC8FB71203CBA260098C3AB /* SearchViewModel.swift in Sources */ = {isa = PBXBuildFile; fileRef = 5AC8FB70203CBA260098C3AB /* SearchViewModel.swift */; };
		5AC8FB73203CBA630098C3AB /* SingleSearchResultViewModel.swift in Sources */ = {isa = PBXBuildFile; fileRef = 5AC8FB72203CBA630098C3AB /* SingleSearchResultViewModel.swift */; };
		5AC8FB75203CBB810098C3AB /* SingleSearchResultTableViewCell.swift in Sources */ = {isa = PBXBuildFile; fileRef = 5AC8FB74203CBB810098C3AB /* SingleSearchResultTableViewCell.swift */; };
		5AC8FB78203CBC020098C3AB /* UITableViewCell+ReuseId.swift in Sources */ = {isa = PBXBuildFile; fileRef = 5AC8FB77203CBC020098C3AB /* UITableViewCell+ReuseId.swift */; };
		B93E142B8360958CD4367FDC /* Pods_github_search_app.framework in Frameworks */ = {isa = PBXBuildFile; fileRef = DBD9ADFEB7032A013E181204 /* Pods_github_search_app.framework */; };
/* End PBXBuildFile section */

/* Begin PBXContainerItemProxy section */
		5A844774203CB09500A869ED /* PBXContainerItemProxy */ = {
			isa = PBXContainerItemProxy;
			containerPortal = 5A844757203CB09500A869ED /* Project object */;
			proxyType = 1;
			remoteGlobalIDString = 5A84475E203CB09500A869ED;
			remoteInfo = github_search_app;
		};
/* End PBXContainerItemProxy section */

/* Begin PBXFileReference section */
		2B18B31EE200298D09310C65 /* Pods-github_search_app.debug.xcconfig */ = {isa = PBXFileReference; includeInIndex = 1; lastKnownFileType = text.xcconfig; name = "Pods-github_search_app.debug.xcconfig"; path = "Pods/Target Support Files/Pods-github_search_app/Pods-github_search_app.debug.xcconfig"; sourceTree = "<group>"; };
		5A84475F203CB09500A869ED /* github_search_app.app */ = {isa = PBXFileReference; explicitFileType = wrapper.application; includeInIndex = 0; path = github_search_app.app; sourceTree = BUILT_PRODUCTS_DIR; };
		5A844762203CB09500A869ED /* AppDelegate.swift */ = {isa = PBXFileReference; lastKnownFileType = sourcecode.swift; path = AppDelegate.swift; sourceTree = "<group>"; };
		5A844764203CB09500A869ED /* SearchViewController.swift */ = {isa = PBXFileReference; lastKnownFileType = sourcecode.swift; path = SearchViewController.swift; sourceTree = "<group>"; };
		5A844769203CB09500A869ED /* Assets.xcassets */ = {isa = PBXFileReference; lastKnownFileType = folder.assetcatalog; path = Assets.xcassets; sourceTree = "<group>"; };
		5A84476C203CB09500A869ED /* Base */ = {isa = PBXFileReference; lastKnownFileType = file.storyboard; name = Base; path = Base.lproj/LaunchScreen.storyboard; sourceTree = "<group>"; };
		5A84476E203CB09500A869ED /* Info.plist */ = {isa = PBXFileReference; lastKnownFileType = text.plist.xml; path = Info.plist; sourceTree = "<group>"; };
		5A844773203CB09500A869ED /* github_search_appTests.xctest */ = {isa = PBXFileReference; explicitFileType = wrapper.cfbundle; includeInIndex = 0; path = github_search_appTests.xctest; sourceTree = BUILT_PRODUCTS_DIR; };
		5A844777203CB09500A869ED /* github_search_appTests.swift */ = {isa = PBXFileReference; lastKnownFileType = sourcecode.swift; path = github_search_appTests.swift; sourceTree = "<group>"; };
		5A844779203CB09500A869ED /* Info.plist */ = {isa = PBXFileReference; lastKnownFileType = text.plist.xml; path = Info.plist; sourceTree = "<group>"; };
		5AC8FB6E203CB82F0098C3AB /* SearchContentView.swift */ = {isa = PBXFileReference; lastKnownFileType = sourcecode.swift; path = SearchContentView.swift; sourceTree = "<group>"; };
		5AC8FB70203CBA260098C3AB /* SearchViewModel.swift */ = {isa = PBXFileReference; lastKnownFileType = sourcecode.swift; path = SearchViewModel.swift; sourceTree = "<group>"; };
		5AC8FB72203CBA630098C3AB /* SingleSearchResultViewModel.swift */ = {isa = PBXFileReference; lastKnownFileType = sourcecode.swift; path = SingleSearchResultViewModel.swift; sourceTree = "<group>"; };
		5AC8FB74203CBB810098C3AB /* SingleSearchResultTableViewCell.swift */ = {isa = PBXFileReference; lastKnownFileType = sourcecode.swift; path = SingleSearchResultTableViewCell.swift; sourceTree = "<group>"; };
		5AC8FB77203CBC020098C3AB /* UITableViewCell+ReuseId.swift */ = {isa = PBXFileReference; lastKnownFileType = sourcecode.swift; path = "UITableViewCell+ReuseId.swift"; sourceTree = "<group>"; };
		B175C1860EF188E712871412 /* Pods-github_search_app.release.xcconfig */ = {isa = PBXFileReference; includeInIndex = 1; lastKnownFileType = text.xcconfig; name = "Pods-github_search_app.release.xcconfig"; path = "Pods/Target Support Files/Pods-github_search_app/Pods-github_search_app.release.xcconfig"; sourceTree = "<group>"; };
		DBD9ADFEB7032A013E181204 /* Pods_github_search_app.framework */ = {isa = PBXFileReference; explicitFileType = wrapper.framework; includeInIndex = 0; path = Pods_github_search_app.framework; sourceTree = BUILT_PRODUCTS_DIR; };
/* End PBXFileReference section */

/* Begin PBXFrameworksBuildPhase section */
		5A84475C203CB09500A869ED /* Frameworks */ = {
			isa = PBXFrameworksBuildPhase;
			buildActionMask = 2147483647;
			files = (
				B93E142B8360958CD4367FDC /* Pods_github_search_app.framework in Frameworks */,
			);
			runOnlyForDeploymentPostprocessing = 0;
		};
		5A844770203CB09500A869ED /* Frameworks */ = {
			isa = PBXFrameworksBuildPhase;
			buildActionMask = 2147483647;
			files = (
			);
			runOnlyForDeploymentPostprocessing = 0;
		};
/* End PBXFrameworksBuildPhase section */

/* Begin PBXGroup section */
		109648CB381387DF75ABF456 /* Frameworks */ = {
			isa = PBXGroup;
			children = (
				DBD9ADFEB7032A013E181204 /* Pods_github_search_app.framework */,
			);
			name = Frameworks;
			sourceTree = "<group>";
		};
		5A844756203CB09500A869ED = {
			isa = PBXGroup;
			children = (
				5A844761203CB09500A869ED /* github_search_app */,
				5A844776203CB09500A869ED /* github_search_appTests */,
				5A844760203CB09500A869ED /* Products */,
				601A22F59FEAD0509E93D29C /* Pods */,
				109648CB381387DF75ABF456 /* Frameworks */,
			);
			sourceTree = "<group>";
		};
		5A844760203CB09500A869ED /* Products */ = {
			isa = PBXGroup;
			children = (
				5A84475F203CB09500A869ED /* github_search_app.app */,
				5A844773203CB09500A869ED /* github_search_appTests.xctest */,
			);
			name = Products;
			sourceTree = "<group>";
		};
		5A844761203CB09500A869ED /* github_search_app */ = {
			isa = PBXGroup;
			children = (
				5AC8FB6D203CB7A00098C3AB /* App */,
				5AC8FB6C203CB7980098C3AB /* Views */,
				5AC8FB6B203CB78C0098C3AB /* View Controllers */,
				5AC8FB6A203CB7840098C3AB /* View Models */,
				5AC8FB69203CB77E0098C3AB /* Models */,
				5AC8FB76203CBBE80098C3AB /* Extensions */,
				5A84476E203CB09500A869ED /* Info.plist */,
			);
			path = github_search_app;
			sourceTree = "<group>";
		};
		5A844776203CB09500A869ED /* github_search_appTests */ = {
			isa = PBXGroup;
			children = (
				5A844777203CB09500A869ED /* github_search_appTests.swift */,
				5A844779203CB09500A869ED /* Info.plist */,
			);
			path = github_search_appTests;
			sourceTree = "<group>";
		};
		5AC8FB69203CB77E0098C3AB /* Models */ = {
			isa = PBXGroup;
			children = (
			);
			path = Models;
			sourceTree = "<group>";
		};
		5AC8FB6A203CB7840098C3AB /* View Models */ = {
			isa = PBXGroup;
			children = (
				5AC8FB70203CBA260098C3AB /* SearchViewModel.swift */,
				5AC8FB72203CBA630098C3AB /* SingleSearchResultViewModel.swift */,
			);
			path = "View Models";
			sourceTree = "<group>";
		};
		5AC8FB6B203CB78C0098C3AB /* View Controllers */ = {
			isa = PBXGroup;
			children = (
				5A844764203CB09500A869ED /* SearchViewController.swift */,
			);
			path = "View Controllers";
			sourceTree = "<group>";
		};
		5AC8FB6C203CB7980098C3AB /* Views */ = {
			isa = PBXGroup;
			children = (
				5AC8FB6E203CB82F0098C3AB /* SearchContentView.swift */,
				5AC8FB74203CBB810098C3AB /* SingleSearchResultTableViewCell.swift */,
			);
			path = Views;
			sourceTree = "<group>";
		};
		5AC8FB6D203CB7A00098C3AB /* App */ = {
			isa = PBXGroup;
			children = (
				5A844762203CB09500A869ED /* AppDelegate.swift */,
				5A844769203CB09500A869ED /* Assets.xcassets */,
				5A84476B203CB09500A869ED /* LaunchScreen.storyboard */,
			);
			path = App;
			sourceTree = "<group>";
		};
		5AC8FB76203CBBE80098C3AB /* Extensions */ = {
			isa = PBXGroup;
			children = (
				5AC8FB77203CBC020098C3AB /* UITableViewCell+ReuseId.swift */,
			);
			path = Extensions;
			sourceTree = "<group>";
		};
		601A22F59FEAD0509E93D29C /* Pods */ = {
			isa = PBXGroup;
			children = (
				2B18B31EE200298D09310C65 /* Pods-github_search_app.debug.xcconfig */,
				B175C1860EF188E712871412 /* Pods-github_search_app.release.xcconfig */,
			);
			name = Pods;
			sourceTree = "<group>";
		};
/* End PBXGroup section */

/* Begin PBXNativeTarget section */
		5A84475E203CB09500A869ED /* github_search_app */ = {
			isa = PBXNativeTarget;
			buildConfigurationList = 5A84477C203CB09500A869ED /* Build configuration list for PBXNativeTarget "github_search_app" */;
			buildPhases = (
				5FECB639EFD0D81D75BAF3C2 /* [CP] Check Pods Manifest.lock */,
				5A84475B203CB09500A869ED /* Sources */,
				5A84475C203CB09500A869ED /* Frameworks */,
				5A84475D203CB09500A869ED /* Resources */,
				B2DD8C4A42D734B56B7BD26C /* [CP] Embed Pods Frameworks */,
				81F289FCC2B8DD98D7A4A223 /* [CP] Copy Pods Resources */,
			);
			buildRules = (
			);
			dependencies = (
			);
			name = github_search_app;
			productName = github_search_app;
			productReference = 5A84475F203CB09500A869ED /* github_search_app.app */;
			productType = "com.apple.product-type.application";
		};
		5A844772203CB09500A869ED /* github_search_appTests */ = {
			isa = PBXNativeTarget;
			buildConfigurationList = 5A84477F203CB09500A869ED /* Build configuration list for PBXNativeTarget "github_search_appTests" */;
			buildPhases = (
				5A84476F203CB09500A869ED /* Sources */,
				5A844770203CB09500A869ED /* Frameworks */,
				5A844771203CB09500A869ED /* Resources */,
			);
			buildRules = (
			);
			dependencies = (
				5A844775203CB09500A869ED /* PBXTargetDependency */,
			);
			name = github_search_appTests;
			productName = github_search_appTests;
			productReference = 5A844773203CB09500A869ED /* github_search_appTests.xctest */;
			productType = "com.apple.product-type.bundle.unit-test";
		};
/* End PBXNativeTarget section */

/* Begin PBXProject section */
		5A844757203CB09500A869ED /* Project object */ = {
			isa = PBXProject;
			attributes = {
				LastSwiftUpdateCheck = 0920;
				LastUpgradeCheck = 0920;
				ORGANIZATIONNAME = "Małgorzata Dziubich";
				TargetAttributes = {
					5A84475E203CB09500A869ED = {
						CreatedOnToolsVersion = 9.2;
						ProvisioningStyle = Automatic;
					};
					5A844772203CB09500A869ED = {
						CreatedOnToolsVersion = 9.2;
						ProvisioningStyle = Automatic;
						TestTargetID = 5A84475E203CB09500A869ED;
					};
				};
			};
			buildConfigurationList = 5A84475A203CB09500A869ED /* Build configuration list for PBXProject "github_search_app" */;
			compatibilityVersion = "Xcode 8.0";
			developmentRegion = en;
			hasScannedForEncodings = 0;
			knownRegions = (
				en,
				Base,
			);
			mainGroup = 5A844756203CB09500A869ED;
			productRefGroup = 5A844760203CB09500A869ED /* Products */;
			projectDirPath = "";
			projectRoot = "";
			targets = (
				5A84475E203CB09500A869ED /* github_search_app */,
				5A844772203CB09500A869ED /* github_search_appTests */,
			);
		};
/* End PBXProject section */

/* Begin PBXResourcesBuildPhase section */
		5A84475D203CB09500A869ED /* Resources */ = {
			isa = PBXResourcesBuildPhase;
			buildActionMask = 2147483647;
			files = (
				5A84476D203CB09500A869ED /* LaunchScreen.storyboard in Resources */,
				5A84476A203CB09500A869ED /* Assets.xcassets in Resources */,
			);
			runOnlyForDeploymentPostprocessing = 0;
		};
		5A844771203CB09500A869ED /* Resources */ = {
			isa = PBXResourcesBuildPhase;
			buildActionMask = 2147483647;
			files = (
			);
			runOnlyForDeploymentPostprocessing = 0;
		};
/* End PBXResourcesBuildPhase section */

/* Begin PBXShellScriptBuildPhase section */
		5FECB639EFD0D81D75BAF3C2 /* [CP] Check Pods Manifest.lock */ = {
			isa = PBXShellScriptBuildPhase;
			buildActionMask = 2147483647;
			files = (
			);
			inputPaths = (
				"${PODS_PODFILE_DIR_PATH}/Podfile.lock",
				"${PODS_ROOT}/Manifest.lock",
			);
			name = "[CP] Check Pods Manifest.lock";
			outputPaths = (
				"$(DERIVED_FILE_DIR)/Pods-github_search_app-checkManifestLockResult.txt",
			);
			runOnlyForDeploymentPostprocessing = 0;
			shellPath = /bin/sh;
			shellScript = "diff \"${PODS_PODFILE_DIR_PATH}/Podfile.lock\" \"${PODS_ROOT}/Manifest.lock\" > /dev/null\nif [ $? != 0 ] ; then\n    # print error to STDERR\n    echo \"error: The sandbox is not in sync with the Podfile.lock. Run 'pod install' or update your CocoaPods installation.\" >&2\n    exit 1\nfi\n# This output is used by Xcode 'outputs' to avoid re-running this script phase.\necho \"SUCCESS\" > \"${SCRIPT_OUTPUT_FILE_0}\"\n";
			showEnvVarsInLog = 0;
		};
		81F289FCC2B8DD98D7A4A223 /* [CP] Copy Pods Resources */ = {
			isa = PBXShellScriptBuildPhase;
			buildActionMask = 2147483647;
			files = (
			);
			inputPaths = (
			);
			name = "[CP] Copy Pods Resources";
			outputPaths = (
			);
			runOnlyForDeploymentPostprocessing = 0;
			shellPath = /bin/sh;
			shellScript = "\"${SRCROOT}/Pods/Target Support Files/Pods-github_search_app/Pods-github_search_app-resources.sh\"\n";
			showEnvVarsInLog = 0;
		};
		B2DD8C4A42D734B56B7BD26C /* [CP] Embed Pods Frameworks */ = {
			isa = PBXShellScriptBuildPhase;
			buildActionMask = 2147483647;
			files = (
			);
			inputPaths = (
				"${SRCROOT}/Pods/Target Support Files/Pods-github_search_app/Pods-github_search_app-frameworks.sh",
				"${BUILT_PRODUCTS_DIR}/Alamofire/Alamofire.framework",
				"${BUILT_PRODUCTS_DIR}/AlamofireImage/AlamofireImage.framework",
				"${BUILT_PRODUCTS_DIR}/Moya/Moya.framework",
				"${BUILT_PRODUCTS_DIR}/Result/Result.framework",
				"${BUILT_PRODUCTS_DIR}/RxSwift/RxSwift.framework",
				"${BUILT_PRODUCTS_DIR}/SnapKit/SnapKit.framework",
			);
			name = "[CP] Embed Pods Frameworks";
			outputPaths = (
				"${TARGET_BUILD_DIR}/${FRAMEWORKS_FOLDER_PATH}/Alamofire.framework",
				"${TARGET_BUILD_DIR}/${FRAMEWORKS_FOLDER_PATH}/AlamofireImage.framework",
				"${TARGET_BUILD_DIR}/${FRAMEWORKS_FOLDER_PATH}/Moya.framework",
				"${TARGET_BUILD_DIR}/${FRAMEWORKS_FOLDER_PATH}/Result.framework",
				"${TARGET_BUILD_DIR}/${FRAMEWORKS_FOLDER_PATH}/RxSwift.framework",
				"${TARGET_BUILD_DIR}/${FRAMEWORKS_FOLDER_PATH}/SnapKit.framework",
			);
			runOnlyForDeploymentPostprocessing = 0;
			shellPath = /bin/sh;
			shellScript = "\"${SRCROOT}/Pods/Target Support Files/Pods-github_search_app/Pods-github_search_app-frameworks.sh\"\n";
			showEnvVarsInLog = 0;
		};
/* End PBXShellScriptBuildPhase section */

/* Begin PBXSourcesBuildPhase section */
		5A84475B203CB09500A869ED /* Sources */ = {
			isa = PBXSourcesBuildPhase;
			buildActionMask = 2147483647;
			files = (
				5AC8FB75203CBB810098C3AB /* SingleSearchResultTableViewCell.swift in Sources */,
				5AC8FB6F203CB82F0098C3AB /* SearchContentView.swift in Sources */,
				5AC8FB73203CBA630098C3AB /* SingleSearchResultViewModel.swift in Sources */,
				5A844765203CB09500A869ED /* SearchViewController.swift in Sources */,
				5AC8FB71203CBA260098C3AB /* SearchViewModel.swift in Sources */,
				5AC8FB78203CBC020098C3AB /* UITableViewCell+ReuseId.swift in Sources */,
				5A844763203CB09500A869ED /* AppDelegate.swift in Sources */,
			);
			runOnlyForDeploymentPostprocessing = 0;
		};
		5A84476F203CB09500A869ED /* Sources */ = {
			isa = PBXSourcesBuildPhase;
			buildActionMask = 2147483647;
			files = (
				5A844778203CB09500A869ED /* github_search_appTests.swift in Sources */,
			);
			runOnlyForDeploymentPostprocessing = 0;
		};
/* End PBXSourcesBuildPhase section */

/* Begin PBXTargetDependency section */
		5A844775203CB09500A869ED /* PBXTargetDependency */ = {
			isa = PBXTargetDependency;
			target = 5A84475E203CB09500A869ED /* github_search_app */;
			targetProxy = 5A844774203CB09500A869ED /* PBXContainerItemProxy */;
		};
/* End PBXTargetDependency section */

/* Begin PBXVariantGroup section */
		5A84476B203CB09500A869ED /* LaunchScreen.storyboard */ = {
			isa = PBXVariantGroup;
			children = (
				5A84476C203CB09500A869ED /* Base */,
			);
			name = LaunchScreen.storyboard;
			sourceTree = "<group>";
		};
/* End PBXVariantGroup section */

/* Begin XCBuildConfiguration section */
		5A84477A203CB09500A869ED /* Debug */ = {
			isa = XCBuildConfiguration;
			buildSettings = {
				ALWAYS_SEARCH_USER_PATHS = NO;
				CLANG_ANALYZER_NONNULL = YES;
				CLANG_ANALYZER_NUMBER_OBJECT_CONVERSION = YES_AGGRESSIVE;
				CLANG_CXX_LANGUAGE_STANDARD = "gnu++14";
				CLANG_CXX_LIBRARY = "libc++";
				CLANG_ENABLE_MODULES = YES;
				CLANG_ENABLE_OBJC_ARC = YES;
				CLANG_WARN_BLOCK_CAPTURE_AUTORELEASING = YES;
				CLANG_WARN_BOOL_CONVERSION = YES;
				CLANG_WARN_COMMA = YES;
				CLANG_WARN_CONSTANT_CONVERSION = YES;
				CLANG_WARN_DIRECT_OBJC_ISA_USAGE = YES_ERROR;
				CLANG_WARN_DOCUMENTATION_COMMENTS = YES;
				CLANG_WARN_EMPTY_BODY = YES;
				CLANG_WARN_ENUM_CONVERSION = YES;
				CLANG_WARN_INFINITE_RECURSION = YES;
				CLANG_WARN_INT_CONVERSION = YES;
				CLANG_WARN_NON_LITERAL_NULL_CONVERSION = YES;
				CLANG_WARN_OBJC_LITERAL_CONVERSION = YES;
				CLANG_WARN_OBJC_ROOT_CLASS = YES_ERROR;
				CLANG_WARN_RANGE_LOOP_ANALYSIS = YES;
				CLANG_WARN_STRICT_PROTOTYPES = YES;
				CLANG_WARN_SUSPICIOUS_MOVE = YES;
				CLANG_WARN_UNGUARDED_AVAILABILITY = YES_AGGRESSIVE;
				CLANG_WARN_UNREACHABLE_CODE = YES;
				CLANG_WARN__DUPLICATE_METHOD_MATCH = YES;
				CODE_SIGN_IDENTITY = "iPhone Developer";
				COPY_PHASE_STRIP = NO;
				DEBUG_INFORMATION_FORMAT = dwarf;
				ENABLE_STRICT_OBJC_MSGSEND = YES;
				ENABLE_TESTABILITY = YES;
				GCC_C_LANGUAGE_STANDARD = gnu11;
				GCC_DYNAMIC_NO_PIC = NO;
				GCC_NO_COMMON_BLOCKS = YES;
				GCC_OPTIMIZATION_LEVEL = 0;
				GCC_PREPROCESSOR_DEFINITIONS = (
					"DEBUG=1",
					"$(inherited)",
				);
				GCC_WARN_64_TO_32_BIT_CONVERSION = YES;
				GCC_WARN_ABOUT_RETURN_TYPE = YES_ERROR;
				GCC_WARN_UNDECLARED_SELECTOR = YES;
				GCC_WARN_UNINITIALIZED_AUTOS = YES_AGGRESSIVE;
				GCC_WARN_UNUSED_FUNCTION = YES;
				GCC_WARN_UNUSED_VARIABLE = YES;
				IPHONEOS_DEPLOYMENT_TARGET = 11.2;
				MTL_ENABLE_DEBUG_INFO = YES;
				ONLY_ACTIVE_ARCH = YES;
				SDKROOT = iphoneos;
				SWIFT_ACTIVE_COMPILATION_CONDITIONS = DEBUG;
				SWIFT_OPTIMIZATION_LEVEL = "-Onone";
			};
			name = Debug;
		};
		5A84477B203CB09500A869ED /* Release */ = {
			isa = XCBuildConfiguration;
			buildSettings = {
				ALWAYS_SEARCH_USER_PATHS = NO;
				CLANG_ANALYZER_NONNULL = YES;
				CLANG_ANALYZER_NUMBER_OBJECT_CONVERSION = YES_AGGRESSIVE;
				CLANG_CXX_LANGUAGE_STANDARD = "gnu++14";
				CLANG_CXX_LIBRARY = "libc++";
				CLANG_ENABLE_MODULES = YES;
				CLANG_ENABLE_OBJC_ARC = YES;
				CLANG_WARN_BLOCK_CAPTURE_AUTORELEASING = YES;
				CLANG_WARN_BOOL_CONVERSION = YES;
				CLANG_WARN_COMMA = YES;
				CLANG_WARN_CONSTANT_CONVERSION = YES;
				CLANG_WARN_DIRECT_OBJC_ISA_USAGE = YES_ERROR;
				CLANG_WARN_DOCUMENTATION_COMMENTS = YES;
				CLANG_WARN_EMPTY_BODY = YES;
				CLANG_WARN_ENUM_CONVERSION = YES;
				CLANG_WARN_INFINITE_RECURSION = YES;
				CLANG_WARN_INT_CONVERSION = YES;
				CLANG_WARN_NON_LITERAL_NULL_CONVERSION = YES;
				CLANG_WARN_OBJC_LITERAL_CONVERSION = YES;
				CLANG_WARN_OBJC_ROOT_CLASS = YES_ERROR;
				CLANG_WARN_RANGE_LOOP_ANALYSIS = YES;
				CLANG_WARN_STRICT_PROTOTYPES = YES;
				CLANG_WARN_SUSPICIOUS_MOVE = YES;
				CLANG_WARN_UNGUARDED_AVAILABILITY = YES_AGGRESSIVE;
				CLANG_WARN_UNREACHABLE_CODE = YES;
				CLANG_WARN__DUPLICATE_METHOD_MATCH = YES;
				CODE_SIGN_IDENTITY = "iPhone Developer";
				COPY_PHASE_STRIP = NO;
				DEBUG_INFORMATION_FORMAT = "dwarf-with-dsym";
				ENABLE_NS_ASSERTIONS = NO;
				ENABLE_STRICT_OBJC_MSGSEND = YES;
				GCC_C_LANGUAGE_STANDARD = gnu11;
				GCC_NO_COMMON_BLOCKS = YES;
				GCC_WARN_64_TO_32_BIT_CONVERSION = YES;
				GCC_WARN_ABOUT_RETURN_TYPE = YES_ERROR;
				GCC_WARN_UNDECLARED_SELECTOR = YES;
				GCC_WARN_UNINITIALIZED_AUTOS = YES_AGGRESSIVE;
				GCC_WARN_UNUSED_FUNCTION = YES;
				GCC_WARN_UNUSED_VARIABLE = YES;
				IPHONEOS_DEPLOYMENT_TARGET = 11.2;
				MTL_ENABLE_DEBUG_INFO = NO;
				SDKROOT = iphoneos;
				SWIFT_OPTIMIZATION_LEVEL = "-Owholemodule";
				VALIDATE_PRODUCT = YES;
			};
			name = Release;
		};
		5A84477D203CB09500A869ED /* Debug */ = {
			isa = XCBuildConfiguration;
			baseConfigurationReference = 2B18B31EE200298D09310C65 /* Pods-github_search_app.debug.xcconfig */;
			buildSettings = {
				ASSETCATALOG_COMPILER_APPICON_NAME = AppIcon;
				CODE_SIGN_STYLE = Automatic;
				DEVELOPMENT_TEAM = 6X229WUE39;
				INFOPLIST_FILE = github_search_app/Info.plist;
				LD_RUNPATH_SEARCH_PATHS = "$(inherited) @executable_path/Frameworks";
				PRODUCT_BUNDLE_IDENTIFIER = "com.mdziubich.github-search-app";
				PRODUCT_NAME = "$(TARGET_NAME)";
				SWIFT_VERSION = 4.0;
				TARGETED_DEVICE_FAMILY = 1;
			};
			name = Debug;
		};
		5A84477E203CB09500A869ED /* Release */ = {
			isa = XCBuildConfiguration;
			baseConfigurationReference = B175C1860EF188E712871412 /* Pods-github_search_app.release.xcconfig */;
			buildSettings = {
				ASSETCATALOG_COMPILER_APPICON_NAME = AppIcon;
				CODE_SIGN_STYLE = Automatic;
				DEVELOPMENT_TEAM = 6X229WUE39;
				INFOPLIST_FILE = github_search_app/Info.plist;
				LD_RUNPATH_SEARCH_PATHS = "$(inherited) @executable_path/Frameworks";
				PRODUCT_BUNDLE_IDENTIFIER = "com.mdziubich.github-search-app";
				PRODUCT_NAME = "$(TARGET_NAME)";
				SWIFT_VERSION = 4.0;
				TARGETED_DEVICE_FAMILY = 1;
			};
			name = Release;
		};
		5A844780203CB09500A869ED /* Debug */ = {
			isa = XCBuildConfiguration;
			buildSettings = {
				ALWAYS_EMBED_SWIFT_STANDARD_LIBRARIES = YES;
				BUNDLE_LOADER = "$(TEST_HOST)";
				CODE_SIGN_STYLE = Automatic;
				DEVELOPMENT_TEAM = 6X229WUE39;
				INFOPLIST_FILE = github_search_appTests/Info.plist;
				LD_RUNPATH_SEARCH_PATHS = "$(inherited) @executable_path/Frameworks @loader_path/Frameworks";
				PRODUCT_BUNDLE_IDENTIFIER = "com.codequest.github-search-appTests";
				PRODUCT_NAME = "$(TARGET_NAME)";
				SWIFT_VERSION = 4.0;
				TARGETED_DEVICE_FAMILY = "1,2";
				TEST_HOST = "$(BUILT_PRODUCTS_DIR)/github_search_app.app/github_search_app";
			};
			name = Debug;
		};
		5A844781203CB09500A869ED /* Release */ = {
			isa = XCBuildConfiguration;
			buildSettings = {
				ALWAYS_EMBED_SWIFT_STANDARD_LIBRARIES = YES;
				BUNDLE_LOADER = "$(TEST_HOST)";
				CODE_SIGN_STYLE = Automatic;
				DEVELOPMENT_TEAM = 6X229WUE39;
				INFOPLIST_FILE = github_search_appTests/Info.plist;
				LD_RUNPATH_SEARCH_PATHS = "$(inherited) @executable_path/Frameworks @loader_path/Frameworks";
				PRODUCT_BUNDLE_IDENTIFIER = "com.codequest.github-search-appTests";
				PRODUCT_NAME = "$(TARGET_NAME)";
				SWIFT_VERSION = 4.0;
				TARGETED_DEVICE_FAMILY = "1,2";
				TEST_HOST = "$(BUILT_PRODUCTS_DIR)/github_search_app.app/github_search_app";
			};
			name = Release;
		};
/* End XCBuildConfiguration section */

/* Begin XCConfigurationList section */
		5A84475A203CB09500A869ED /* Build configuration list for PBXProject "github_search_app" */ = {
			isa = XCConfigurationList;
			buildConfigurations = (
				5A84477A203CB09500A869ED /* Debug */,
				5A84477B203CB09500A869ED /* Release */,
			);
			defaultConfigurationIsVisible = 0;
			defaultConfigurationName = Release;
		};
		5A84477C203CB09500A869ED /* Build configuration list for PBXNativeTarget "github_search_app" */ = {
			isa = XCConfigurationList;
			buildConfigurations = (
				5A84477D203CB09500A869ED /* Debug */,
				5A84477E203CB09500A869ED /* Release */,
			);
			defaultConfigurationIsVisible = 0;
			defaultConfigurationName = Release;
		};
		5A84477F203CB09500A869ED /* Build configuration list for PBXNativeTarget "github_search_appTests" */ = {
			isa = XCConfigurationList;
			buildConfigurations = (
				5A844780203CB09500A869ED /* Debug */,
				5A844781203CB09500A869ED /* Release */,
			);
			defaultConfigurationIsVisible = 0;
			defaultConfigurationName = Release;
		};
/* End XCConfigurationList section */
	};
	rootObject = 5A844757203CB09500A869ED /* Project object */;
}
